
Microsoft Visual Studio Solution File, Format Version 12.00
# Visual Studio Version 17
VisualStudioVersion = 17.2.32516.85
MinimumVisualStudioVersion = 10.0.40219.1
Project("{FAE04EC0-301F-11D3-BF4B-00C04F79EFBC}") = "Petition", "Petition\Petition.csproj", "{56DE240E-36AE-4565-AA86-5225872C510B}"
EndProject
Global
	GlobalSection(SolutionConfigurationPlatforms) = preSolution
		Debug|Any CPU = Debug|Any CPU
		Release|Any CPU = Release|Any CPU
	EndGlobalSection
	GlobalSection(ProjectConfigurationPlatforms) = postSolution
		{56DE240E-36AE-4565-AA86-5225872C510B}.Debug|Any CPU.ActiveCfg = Debug|Any CPU
		{56DE240E-36AE-4565-AA86-5225872C510B}.Debug|Any CPU.Build.0 = Debug|Any CPU
		{56DE240E-36AE-4565-AA86-5225872C510B}.Release|Any CPU.ActiveCfg = Release|Any CPU
		{56DE240E-36AE-4565-AA86-5225872C510B}.Release|Any CPU.Build.0 = Release|Any CPU
	EndGlobalSection
	GlobalSection(SolutionProperties) = preSolution
		HideSolutionNode = FALSE
	EndGlobalSection
	GlobalSection(ExtensibilityGlobals) = postSolution
		SolutionGuid = {041B5542-7E0B-41E7-A4F3-687729C68A2A}
	EndGlobalSection
EndGlobal
